
Microsoft Visual Studio Solution File, Format Version 12.00
# Visual Studio 2012
Project("{FAE04EC0-301F-11D3-BF4B-00C04F79EFBC}") = "Console", "Console\Console.csproj", "{CA667BDA-EB41-40CC-87CB-490802903432}"
EndProject
Project("{FAE04EC0-301F-11D3-BF4B-00C04F79EFBC}") = "Test", "Test\Test.csproj", "{B25EF8FD-DC9A-488F-AE5B-D6056F4FFC62}"
EndProject
Project("{FAE04EC0-301F-11D3-BF4B-00C04F79EFBC}") = "MSBuild", "MSBuild\MSBuild.csproj", "{F9AB3C7A-9663-467D-9540-F1F575F006C7}"
EndProject
Project("{FAE04EC0-301F-11D3-BF4B-00C04F79EFBC}") = "Core", "Core\Core.csproj", "{B6E67DA9-81EB-47AF-AB22-1CC148901165}"
EndProject
Project("{FAE04EC0-301F-11D3-BF4B-00C04F79EFBC}") = "NUnit", "NUnit\NUnit.csproj", "{42CB5134-5D5F-4564-A548-6260352C0420}"
EndProject
Project("{2150E333-8FDC-42A3-9474-1A3956D46DE8}") = "Solution Items", "Solution Items", "{125E3DB8-8D26-43FF-8AD3-D0C8FC0DD0E8}"
	ProjectSection(SolutionItems) = preProject
		build.casper = build.casper
		dogfood = dogfood
		build = build
		casper = casper
		nuget = nuget
	EndProjectSection
EndProject
Project("{FAE04EC0-301F-11D3-BF4B-00C04F79EFBC}") = "Test.Integration", "Test.Integration\Test.Integration.csproj", "{3C4A6731-C785-4D14-BE04-8BDA4C4E7E33}"
EndProject
Global
	GlobalSection(SolutionConfigurationPlatforms) = preSolution
		Debug|x86 = Debug|x86
		Release|x86 = Release|x86
	EndGlobalSection
	GlobalSection(ProjectConfigurationPlatforms) = postSolution
		{3C4A6731-C785-4D14-BE04-8BDA4C4E7E33}.Debug|x86.ActiveCfg = Debug|Any CPU
		{3C4A6731-C785-4D14-BE04-8BDA4C4E7E33}.Debug|x86.Build.0 = Debug|Any CPU
		{3C4A6731-C785-4D14-BE04-8BDA4C4E7E33}.Release|x86.ActiveCfg = Release|Any CPU
		{3C4A6731-C785-4D14-BE04-8BDA4C4E7E33}.Release|x86.Build.0 = Release|Any CPU
		{42CB5134-5D5F-4564-A548-6260352C0420}.Debug|x86.ActiveCfg = Debug|Any CPU
		{42CB5134-5D5F-4564-A548-6260352C0420}.Debug|x86.Build.0 = Debug|Any CPU
		{42CB5134-5D5F-4564-A548-6260352C0420}.Release|x86.ActiveCfg = Release|Any CPU
		{42CB5134-5D5F-4564-A548-6260352C0420}.Release|x86.Build.0 = Release|Any CPU
		{B25EF8FD-DC9A-488F-AE5B-D6056F4FFC62}.Debug|x86.ActiveCfg = Debug|Any CPU
		{B25EF8FD-DC9A-488F-AE5B-D6056F4FFC62}.Debug|x86.Build.0 = Debug|Any CPU
		{B25EF8FD-DC9A-488F-AE5B-D6056F4FFC62}.Release|x86.ActiveCfg = Release|Any CPU
		{B25EF8FD-DC9A-488F-AE5B-D6056F4FFC62}.Release|x86.Build.0 = Release|Any CPU
		{B6E67DA9-81EB-47AF-AB22-1CC148901165}.Debug|x86.ActiveCfg = Debug|Any CPU
		{B6E67DA9-81EB-47AF-AB22-1CC148901165}.Debug|x86.Build.0 = Debug|Any CPU
		{B6E67DA9-81EB-47AF-AB22-1CC148901165}.Release|x86.ActiveCfg = Release|Any CPU
		{B6E67DA9-81EB-47AF-AB22-1CC148901165}.Release|x86.Build.0 = Release|Any CPU
		{CA667BDA-EB41-40CC-87CB-490802903432}.Debug|x86.ActiveCfg = Debug|x86
		{CA667BDA-EB41-40CC-87CB-490802903432}.Debug|x86.Build.0 = Debug|x86
		{CA667BDA-EB41-40CC-87CB-490802903432}.Release|x86.ActiveCfg = Release|x86
		{CA667BDA-EB41-40CC-87CB-490802903432}.Release|x86.Build.0 = Release|x86
		{F9AB3C7A-9663-467D-9540-F1F575F006C7}.Debug|x86.ActiveCfg = Debug|Any CPU
		{F9AB3C7A-9663-467D-9540-F1F575F006C7}.Debug|x86.Build.0 = Debug|Any CPU
		{F9AB3C7A-9663-467D-9540-F1F575F006C7}.Release|x86.ActiveCfg = Release|Any CPU
		{F9AB3C7A-9663-467D-9540-F1F575F006C7}.Release|x86.Build.0 = Release|Any CPU
	EndGlobalSection
	GlobalSection(NestedProjects) = preSolution
	EndGlobalSection
	GlobalSection(MonoDevelopProperties) = preSolution
		Policies = $0
		$0.TextStylePolicy = $1
		$1.FileWidth = 120
		$1.TabsToSpaces = False
		$1.EolMarker = Unix
		$1.inheritsSet = VisualStudio
		$1.inheritsScope = text/plain
		$1.scope = text/x-csharp
		$0.CSharpFormattingPolicy = $2
		$2.IndentSwitchBody = True
		$2.NamespaceBraceStyle = EndOfLine
		$2.ClassBraceStyle = EndOfLine
		$2.InterfaceBraceStyle = EndOfLine
		$2.StructBraceStyle = EndOfLine
		$2.EnumBraceStyle = EndOfLine
		$2.MethodBraceStyle = EndOfLine
		$2.ConstructorBraceStyle = EndOfLine
		$2.DestructorBraceStyle = EndOfLine
		$2.BeforeMethodDeclarationParentheses = False
		$2.BeforeMethodCallParentheses = False
		$2.BeforeConstructorDeclarationParentheses = False
		$2.NewLineBeforeConstructorInitializerColon = NewLine
		$2.NewLineAfterConstructorInitializerColon = SameLine
		$2.BeforeDelegateDeclarationParentheses = False
		$2.NewParentheses = False
		$2.SpacesBeforeBrackets = False
		$2.inheritsSet = Mono
		$2.inheritsScope = text/x-csharp
		$2.scope = text/x-csharp
		$2.SpacingAfterMethodDeclarationName = False
		$2.SpaceAfterMethodCallName = False
		$2.SpaceAfterControlFlowStatementKeyword = False
		$2.SpaceBeforeOpenSquareBracket = False
		$2.NewLinesForBracesInTypes = False
		$2.NewLinesForBracesInMethods = False
		$0.DotNetNamingPolicy = $3
		$3.DirectoryNamespaceAssociation = PrefixedHierarchical
		$3.ResourceNamePolicy = FileFormatDefault
	EndGlobalSection
EndGlobal
